
Microsoft Visual Studio Solution File, Format Version 12.00
Project("{FAE04EC0-301F-11D3-BF4B-00C04F79EFBC}") = "YtDlpGuiWpf", "YtDlpGuiWpf\YtDlpGuiWpf.csproj", "{EE5C317C-D361-4501-9AD4-7EAE0B9411C1}"
EndProject
Global
	GlobalSection(SolutionConfigurationPlatforms) = preSolution
		Debug|Any CPU = Debug|Any CPU
		Release|Any CPU = Release|Any CPU
	EndGlobalSection
	GlobalSection(ProjectConfigurationPlatforms) = postSolution
		{EE5C317C-D361-4501-9AD4-7EAE0B9411C1}.Debug|Any CPU.ActiveCfg = Debug|Any CPU
		{EE5C317C-D361-4501-9AD4-7EAE0B9411C1}.Debug|Any CPU.Build.0 = Debug|Any CPU
		{EE5C317C-D361-4501-9AD4-7EAE0B9411C1}.Release|Any CPU.ActiveCfg = Release|Any CPU
		{EE5C317C-D361-4501-9AD4-7EAE0B9411C1}.Release|Any CPU.Build.0 = Release|Any CPU
	EndGlobalSection
EndGlobal
